
Microsoft Visual Studio Solution File, Format Version 12.00
# Visual Studio Version 17
VisualStudioVersion = 17.7.34018.315
MinimumVisualStudioVersion = 10.0.40219.1
Project("{8BC9CEB8-8B4A-11D0-8D11-00A0C91BC942}") = "TCPTest", "TCPTest\TCPTest.vcxproj", "{AEF413C9-DC16-4FCC-B1A4-6C639B6AA71E}"
EndProject
Project("{8BC9CEB8-8B4A-11D0-8D11-00A0C91BC942}") = "Client", "Client\Client.vcxproj", "{036988D9-5996-4FAA-B271-1F005F512054}"
EndProject
Global
	GlobalSection(SolutionConfigurationPlatforms) = preSolution
		Debug|x64 = Debug|x64
		Debug|x86 = Debug|x86
		Release|x64 = Release|x64
		Release|x86 = Release|x86
	EndGlobalSection
	GlobalSection(ProjectConfigurationPlatforms) = postSolution
		{AEF413C9-DC16-4FCC-B1A4-6C639B6AA71E}.Debug|x64.ActiveCfg = Debug|x64
		{AEF413C9-DC16-4FCC-B1A4-6C639B6AA71E}.Debug|x64.Build.0 = Debug|x64
		{AEF413C9-DC16-4FCC-B1A4-6C639B6AA71E}.Debug|x86.ActiveCfg = Debug|Win32
		{AEF413C9-DC16-4FCC-B1A4-6C639B6AA71E}.Debug|x86.Build.0 = Debug|Win32
		{AEF413C9-DC16-4FCC-B1A4-6C639B6AA71E}.Release|x64.ActiveCfg = Release|x64
		{AEF413C9-DC16-4FCC-B1A4-6C639B6AA71E}.Release|x64.Build.0 = Release|x64
		{AEF413C9-DC16-4FCC-B1A4-6C639B6AA71E}.Release|x86.ActiveCfg = Release|Win32
		{AEF413C9-DC16-4FCC-B1A4-6C639B6AA71E}.Release|x86.Build.0 = Release|Win32
		{036988D9-5996-4FAA-B271-1F005F512054}.Debug|x64.ActiveCfg = Debug|x64
		{036988D9-5996-4FAA-B271-1F005F512054}.Debug|x64.Build.0 = Debug|x64
		{036988D9-5996-4FAA-B271-1F005F512054}.Debug|x86.ActiveCfg = Debug|Win32
		{036988D9-5996-4FAA-B271-1F005F512054}.Debug|x86.Build.0 = Debug|Win32
		{036988D9-5996-4FAA-B271-1F005F512054}.Release|x64.ActiveCfg = Release|x64
		{036988D9-5996-4FAA-B271-1F005F512054}.Release|x64.Build.0 = Release|x64
		{036988D9-5996-4FAA-B271-1F005F512054}.Release|x86.ActiveCfg = Release|Win32
		{036988D9-5996-4FAA-B271-1F005F512054}.Release|x86.Build.0 = Release|Win32
	EndGlobalSection
	GlobalSection(SolutionProperties) = preSolution
		HideSolutionNode = FALSE
	EndGlobalSection
	GlobalSection(ExtensibilityGlobals) = postSolution
		SolutionGuid = {E3CF1743-C770-45F0-9874-705258E1EC1D}
	EndGlobalSection
EndGlobal
